
Microsoft Visual Studio Solution File, Format Version 12.00
# Visual Studio 15
VisualStudioVersion = 15.0.28307.106
MinimumVisualStudioVersion = 10.0.40219.1
Project("{FAE04EC0-301F-11D3-BF4B-00C04F79EFBC}") = "laborator3", "laborator3\laborator3.csproj", "{C5112391-148E-4E74-9DCB-01A1B8E32FBF}"
EndProject
Global
	GlobalSection(SolutionConfigurationPlatforms) = preSolution
		Debug|Any CPU = Debug|Any CPU
		Release|Any CPU = Release|Any CPU
	EndGlobalSection
	GlobalSection(ProjectConfigurationPlatforms) = postSolution
		{C5112391-148E-4E74-9DCB-01A1B8E32FBF}.Debug|Any CPU.ActiveCfg = Debug|Any CPU
		{C5112391-148E-4E74-9DCB-01A1B8E32FBF}.Debug|Any CPU.Build.0 = Debug|Any CPU
		{C5112391-148E-4E74-9DCB-01A1B8E32FBF}.Release|Any CPU.ActiveCfg = Release|Any CPU
		{C5112391-148E-4E74-9DCB-01A1B8E32FBF}.Release|Any CPU.Build.0 = Release|Any CPU
	EndGlobalSection
	GlobalSection(SolutionProperties) = preSolution
		HideSolutionNode = FALSE
	EndGlobalSection
	GlobalSection(ExtensibilityGlobals) = postSolution
		SolutionGuid = {E7D3411A-ED2E-4851-B329-0A1B6EBEEF80}
	EndGlobalSection
EndGlobal
