
Microsoft Visual Studio Solution File, Format Version 12.00
# Visual Studio 15
VisualStudioVersion = 15.0.28307.106
MinimumVisualStudioVersion = 10.0.40219.1
Project("{FAE04EC0-301F-11D3-BF4B-00C04F79EFBC}") = "Queue", "Queue\Queue.csproj", "{DA01D2FF-8459-41EA-B143-0C592AB1D2A9}"
EndProject
Global
	GlobalSection(SolutionConfigurationPlatforms) = preSolution
		Debug|Any CPU = Debug|Any CPU
		Release|Any CPU = Release|Any CPU
	EndGlobalSection
	GlobalSection(ProjectConfigurationPlatforms) = postSolution
		{DA01D2FF-8459-41EA-B143-0C592AB1D2A9}.Debug|Any CPU.ActiveCfg = Debug|Any CPU
		{DA01D2FF-8459-41EA-B143-0C592AB1D2A9}.Debug|Any CPU.Build.0 = Debug|Any CPU
		{DA01D2FF-8459-41EA-B143-0C592AB1D2A9}.Release|Any CPU.ActiveCfg = Release|Any CPU
		{DA01D2FF-8459-41EA-B143-0C592AB1D2A9}.Release|Any CPU.Build.0 = Release|Any CPU
	EndGlobalSection
	GlobalSection(SolutionProperties) = preSolution
		HideSolutionNode = FALSE
	EndGlobalSection
	GlobalSection(ExtensibilityGlobals) = postSolution
		SolutionGuid = {3DDB75E5-62E2-4C63-B8DF-9A53B80AB5DF}
	EndGlobalSection
EndGlobal
