
Microsoft Visual Studio Solution File, Format Version 12.00
# Visual Studio 15
VisualStudioVersion = 15.0.28307.106
MinimumVisualStudioVersion = 10.0.40219.1
Project("{FAE04EC0-301F-11D3-BF4B-00C04F79EFBC}") = "laborator4", "laborator4\laborator4.csproj", "{C2346D9C-CA5B-426F-8D35-7236D6DB890F}"
EndProject
Global
	GlobalSection(SolutionConfigurationPlatforms) = preSolution
		Debug|Any CPU = Debug|Any CPU
		Release|Any CPU = Release|Any CPU
	EndGlobalSection
	GlobalSection(ProjectConfigurationPlatforms) = postSolution
		{C2346D9C-CA5B-426F-8D35-7236D6DB890F}.Debug|Any CPU.ActiveCfg = Debug|Any CPU
		{C2346D9C-CA5B-426F-8D35-7236D6DB890F}.Debug|Any CPU.Build.0 = Debug|Any CPU
		{C2346D9C-CA5B-426F-8D35-7236D6DB890F}.Release|Any CPU.ActiveCfg = Release|Any CPU
		{C2346D9C-CA5B-426F-8D35-7236D6DB890F}.Release|Any CPU.Build.0 = Release|Any CPU
	EndGlobalSection
	GlobalSection(SolutionProperties) = preSolution
		HideSolutionNode = FALSE
	EndGlobalSection
	GlobalSection(ExtensibilityGlobals) = postSolution
		SolutionGuid = {03D9D45C-2460-488A-8A55-363775AF311F}
	EndGlobalSection
EndGlobal
